
Microsoft Visual Studio Solution File, Format Version 12.00
# Visual Studio Version 17
VisualStudioVersion = 17.9.34728.123
MinimumVisualStudioVersion = 10.0.40219.1
Project("{FAE04EC0-301F-11D3-BF4B-00C04F79EFBC}") = "Ej1Guia3.1", "Ej1Guia3.1\Ej1Guia3.1.csproj", "{8B94C11C-B6E0-46EA-AE6F-1221E611114D}"
EndProject
Global
	GlobalSection(SolutionConfigurationPlatforms) = preSolution
		Debug|Any CPU = Debug|Any CPU
		Release|Any CPU = Release|Any CPU
	EndGlobalSection
	GlobalSection(ProjectConfigurationPlatforms) = postSolution
		{8B94C11C-B6E0-46EA-AE6F-1221E611114D}.Debug|Any CPU.ActiveCfg = Debug|Any CPU
		{8B94C11C-B6E0-46EA-AE6F-1221E611114D}.Debug|Any CPU.Build.0 = Debug|Any CPU
		{8B94C11C-B6E0-46EA-AE6F-1221E611114D}.Release|Any CPU.ActiveCfg = Release|Any CPU
		{8B94C11C-B6E0-46EA-AE6F-1221E611114D}.Release|Any CPU.Build.0 = Release|Any CPU
	EndGlobalSection
	GlobalSection(SolutionProperties) = preSolution
		HideSolutionNode = FALSE
	EndGlobalSection
	GlobalSection(ExtensibilityGlobals) = postSolution
		SolutionGuid = {6ECC05A2-D8B2-4BC5-80E4-46E32C9A93CB}
	EndGlobalSection
EndGlobal
